
Microsoft Visual Studio Solution File, Format Version 12.00
# Visual Studio Version 17
VisualStudioVersion = 17.0.31903.59
MinimumVisualStudioVersion = 10.0.40219.1
Project("{FAE04EC0-301F-11D3-BF4B-00C04F79EFBC}") = "webapp01", "webapp01\webapp01.csproj", "{4691447A-693B-4508-A331-4FFCAB7CFF08}"
EndProject
Global
	GlobalSection(SolutionConfigurationPlatforms) = preSolution
		Debug|Any CPU = Debug|Any CPU
		Release|Any CPU = Release|Any CPU
	EndGlobalSection
	GlobalSection(ProjectConfigurationPlatforms) = postSolution
		{4691447A-693B-4508-A331-4FFCAB7CFF08}.Debug|Any CPU.ActiveCfg = Debug|Any CPU
		{4691447A-693B-4508-A331-4FFCAB7CFF08}.Debug|Any CPU.Build.0 = Debug|Any CPU
		{4691447A-693B-4508-A331-4FFCAB7CFF08}.Release|Any CPU.ActiveCfg = Release|Any CPU
		{4691447A-693B-4508-A331-4FFCAB7CFF08}.Release|Any CPU.Build.0 = Release|Any CPU
	EndGlobalSection
	GlobalSection(SolutionProperties) = preSolution
		HideSolutionNode = FALSE
	EndGlobalSection
	GlobalSection(ExtensibilityGlobals) = postSolution
		SolutionGuid = {82EC81E7-E947-484A-913A-5670F98861F3}
	EndGlobalSection
EndGlobal
